
Microsoft Visual Studio Solution File, Format Version 12.00
# Visual Studio Version 17
VisualStudioVersion = 17.10.35004.147
MinimumVisualStudioVersion = 10.0.40219.1
Project("{FAE04EC0-301F-11D3-BF4B-00C04F79EFBC}") = "invoice-process", "invoice-process\invoice-process.csproj", "{66D7E15B-829B-44F1-BF42-475EFBB52E73}"
EndProject
Project("{FAE04EC0-301F-11D3-BF4B-00C04F79EFBC}") = "invoice-process.Tests", "invoice-process.Tests\invoice-process.Tests.csproj", "{6A102AF8-2BAB-4596-8702-0CB2613F7CA1}"
EndProject
Global
	GlobalSection(SolutionConfigurationPlatforms) = preSolution
		Debug|Any CPU = Debug|Any CPU
		Release|Any CPU = Release|Any CPU
	EndGlobalSection
	GlobalSection(ProjectConfigurationPlatforms) = postSolution
		{66D7E15B-829B-44F1-BF42-475EFBB52E73}.Debug|Any CPU.ActiveCfg = Debug|Any CPU
		{66D7E15B-829B-44F1-BF42-475EFBB52E73}.Debug|Any CPU.Build.0 = Debug|Any CPU
		{66D7E15B-829B-44F1-BF42-475EFBB52E73}.Release|Any CPU.ActiveCfg = Release|Any CPU
		{66D7E15B-829B-44F1-BF42-475EFBB52E73}.Release|Any CPU.Build.0 = Release|Any CPU
		{6A102AF8-2BAB-4596-8702-0CB2613F7CA1}.Debug|Any CPU.ActiveCfg = Debug|Any CPU
		{6A102AF8-2BAB-4596-8702-0CB2613F7CA1}.Debug|Any CPU.Build.0 = Debug|Any CPU
		{6A102AF8-2BAB-4596-8702-0CB2613F7CA1}.Release|Any CPU.ActiveCfg = Release|Any CPU
		{6A102AF8-2BAB-4596-8702-0CB2613F7CA1}.Release|Any CPU.Build.0 = Release|Any CPU
	EndGlobalSection
	GlobalSection(SolutionProperties) = preSolution
		HideSolutionNode = FALSE
	EndGlobalSection
	GlobalSection(ExtensibilityGlobals) = postSolution
		SolutionGuid = {1894CFB2-10BA-4CAC-BD5F-6EDC10C5FC39}
	EndGlobalSection
EndGlobal
